
Microsoft Visual Studio Solution File, Format Version 12.00
# Visual Studio Version 17
VisualStudioVersion = 17.2.32519.379
MinimumVisualStudioVersion = 10.0.40219.1
Project("{9A19103F-16F7-4668-BE54-9A1E7A4F7556}") = "SanTsgBootcampProject.Web", "SanTsgBootcampProject.Web\SanTsgBootcampProject.Web.csproj", "{39C4C5B3-FD30-4D3C-9B97-D4F2346F7472}"
EndProject
Project("{9A19103F-16F7-4668-BE54-9A1E7A4F7556}") = "SanTsgBootcampProject.Domain", "SanTsgBootcampProject.Domain\SanTsgBootcampProject.Domain.csproj", "{AC361ED9-27A9-4FB2-B47A-01DAA66A9A6A}"
EndProject
Project("{9A19103F-16F7-4668-BE54-9A1E7A4F7556}") = "SanTsgBootcampProject.Data", "SanTsgBootcampProject.Data\SanTsgBootcampProject.Data.csproj", "{3B9E5400-91CB-4F4F-9BC5-2AAF01CFA408}"
EndProject
Project("{9A19103F-16F7-4668-BE54-9A1E7A4F7556}") = "SanTsgBootcampProject.Application", "SanTsgBootcampProject.Application\SanTsgBootcampProject.Application.csproj", "{743CFE8E-931A-4F4D-8C01-13DF1EA362BE}"
EndProject
Project("{9A19103F-16F7-4668-BE54-9A1E7A4F7556}") = "SanTsgBootcampProject.Shared", "SanTsgBootcampProject.Shared\SanTsgBootcampProject.Shared.csproj", "{9EC27E69-2A1C-4A92-A862-E98C591E8D88}"
EndProject
Global
	GlobalSection(SolutionConfigurationPlatforms) = preSolution
		Debug|Any CPU = Debug|Any CPU
		Release|Any CPU = Release|Any CPU
	EndGlobalSection
	GlobalSection(ProjectConfigurationPlatforms) = postSolution
		{39C4C5B3-FD30-4D3C-9B97-D4F2346F7472}.Debug|Any CPU.ActiveCfg = Debug|Any CPU
		{39C4C5B3-FD30-4D3C-9B97-D4F2346F7472}.Debug|Any CPU.Build.0 = Debug|Any CPU
		{39C4C5B3-FD30-4D3C-9B97-D4F2346F7472}.Release|Any CPU.ActiveCfg = Release|Any CPU
		{39C4C5B3-FD30-4D3C-9B97-D4F2346F7472}.Release|Any CPU.Build.0 = Release|Any CPU
		{AC361ED9-27A9-4FB2-B47A-01DAA66A9A6A}.Debug|Any CPU.ActiveCfg = Debug|Any CPU
		{AC361ED9-27A9-4FB2-B47A-01DAA66A9A6A}.Debug|Any CPU.Build.0 = Debug|Any CPU
		{AC361ED9-27A9-4FB2-B47A-01DAA66A9A6A}.Release|Any CPU.ActiveCfg = Release|Any CPU
		{AC361ED9-27A9-4FB2-B47A-01DAA66A9A6A}.Release|Any CPU.Build.0 = Release|Any CPU
		{3B9E5400-91CB-4F4F-9BC5-2AAF01CFA408}.Debug|Any CPU.ActiveCfg = Debug|Any CPU
		{3B9E5400-91CB-4F4F-9BC5-2AAF01CFA408}.Debug|Any CPU.Build.0 = Debug|Any CPU
		{3B9E5400-91CB-4F4F-9BC5-2AAF01CFA408}.Release|Any CPU.ActiveCfg = Release|Any CPU
		{3B9E5400-91CB-4F4F-9BC5-2AAF01CFA408}.Release|Any CPU.Build.0 = Release|Any CPU
		{743CFE8E-931A-4F4D-8C01-13DF1EA362BE}.Debug|Any CPU.ActiveCfg = Debug|Any CPU
		{743CFE8E-931A-4F4D-8C01-13DF1EA362BE}.Debug|Any CPU.Build.0 = Debug|Any CPU
		{743CFE8E-931A-4F4D-8C01-13DF1EA362BE}.Release|Any CPU.ActiveCfg = Release|Any CPU
		{743CFE8E-931A-4F4D-8C01-13DF1EA362BE}.Release|Any CPU.Build.0 = Release|Any CPU
		{9EC27E69-2A1C-4A92-A862-E98C591E8D88}.Debug|Any CPU.ActiveCfg = Debug|Any CPU
		{9EC27E69-2A1C-4A92-A862-E98C591E8D88}.Debug|Any CPU.Build.0 = Debug|Any CPU
		{9EC27E69-2A1C-4A92-A862-E98C591E8D88}.Release|Any CPU.ActiveCfg = Release|Any CPU
		{9EC27E69-2A1C-4A92-A862-E98C591E8D88}.Release|Any CPU.Build.0 = Release|Any CPU
	EndGlobalSection
	GlobalSection(SolutionProperties) = preSolution
		HideSolutionNode = FALSE
	EndGlobalSection
	GlobalSection(ExtensibilityGlobals) = postSolution
		SolutionGuid = {D6A9B73B-B02A-4C18-A5FE-B6011F25DE91}
	EndGlobalSection
EndGlobal
